// !$*UTF8*$!
{
	archiveVersion = 1;
	classes = {
	};
	objectVersion = 56;
	objects = {

/* Begin PBXBuildFile section */
		4D2B56DF2984761800703D9B /* LaunchScreen.storyboard in Resources */ = {isa = PBXBuildFile; fileRef = 4D2B56DE2984761800703D9B /* LaunchScreen.storyboard */; };
		4D96B9832985A5B600622DCB /* ContentView.swift in Sources */ = {isa = PBXBuildFile; fileRef = 4D96B9822985A5B600622DCB /* ContentView.swift */; };
		4D96B9852985A5F700622DCB /* CardView.swift in Sources */ = {isa = PBXBuildFile; fileRef = 4D96B9842985A5F700622DCB /* CardView.swift */; };
		4D96B9872985AA9A00622DCB /* HeaderView.swift in Sources */ = {isa = PBXBuildFile; fileRef = 4D96B9862985AA9A00622DCB /* HeaderView.swift */; };
		4D96B9892985ACCB00622DCB /* FooterView.swift in Sources */ = {isa = PBXBuildFile; fileRef = 4D96B9882985ACCB00622DCB /* FooterView.swift */; };
		4DB8AE062988446B0096B4ED /* HeaderComponent.swift in Sources */ = {isa = PBXBuildFile; fileRef = 4DB8AE052988446B0096B4ED /* HeaderComponent.swift */; };
		4DB8FDC529846A0100928F28 /* HoneymoonApp.swift in Sources */ = {isa = PBXBuildFile; fileRef = 4DB8FDC429846A0100928F28 /* HoneymoonApp.swift */; };
		4DB8FDC929846A0400928F28 /* Assets.xcassets in Resources */ = {isa = PBXBuildFile; fileRef = 4DB8FDC829846A0400928F28 /* Assets.xcassets */; };
		4DB8FDCC29846A0400928F28 /* Preview Assets.xcassets in Resources */ = {isa = PBXBuildFile; fileRef = 4DB8FDCB29846A0400928F28 /* Preview Assets.xcassets */; };
		4DB8FDD32984734400928F28 /* Sound in Resources */ = {isa = PBXBuildFile; fileRef = 4DB8FDD22984734400928F28 /* Sound */; };
		4DCA9E932985A30200B5AE13 /* HoneymoonModel.swift in Sources */ = {isa = PBXBuildFile; fileRef = 4DCA9E922985A30200B5AE13 /* HoneymoonModel.swift */; };
		4DCA9E962985A3AC00B5AE13 /* HoneymoonData.swift in Sources */ = {isa = PBXBuildFile; fileRef = 4DCA9E952985A3AC00B5AE13 /* HoneymoonData.swift */; };
/* End PBXBuildFile section */

/* Begin PBXFileReference section */
		4D2B56DE2984761800703D9B /* LaunchScreen.storyboard */ = {isa = PBXFileReference; lastKnownFileType = file.storyboard; path = LaunchScreen.storyboard; sourceTree = "<group>"; };
		4D96B9822985A5B600622DCB /* ContentView.swift */ = {isa = PBXFileReference; lastKnownFileType = sourcecode.swift; name = ContentView.swift; path = Honeymoon/ContentView.swift; sourceTree = SOURCE_ROOT; };
		4D96B9842985A5F700622DCB /* CardView.swift */ = {isa = PBXFileReference; lastKnownFileType = sourcecode.swift; name = CardView.swift; path = Honeymoon/CardView.swift; sourceTree = SOURCE_ROOT; };
		4D96B9862985AA9A00622DCB /* HeaderView.swift */ = {isa = PBXFileReference; lastKnownFileType = sourcecode.swift; name = HeaderView.swift; path = Honeymoon/HeaderView.swift; sourceTree = SOURCE_ROOT; };
		4D96B9882985ACCB00622DCB /* FooterView.swift */ = {isa = PBXFileReference; lastKnownFileType = sourcecode.swift; name = FooterView.swift; path = Honeymoon/FooterView.swift; sourceTree = SOURCE_ROOT; };
		4DB8AE052988446B0096B4ED /* HeaderComponent.swift */ = {isa = PBXFileReference; lastKnownFileType = sourcecode.swift; path = HeaderComponent.swift; sourceTree = "<group>"; };
		4DB8FDC129846A0000928F28 /* Honeymoon.app */ = {isa = PBXFileReference; explicitFileType = wrapper.application; includeInIndex = 0; path = Honeymoon.app; sourceTree = BUILT_PRODUCTS_DIR; };
		4DB8FDC429846A0100928F28 /* HoneymoonApp.swift */ = {isa = PBXFileReference; lastKnownFileType = sourcecode.swift; path = HoneymoonApp.swift; sourceTree = "<group>"; };
		4DB8FDC829846A0400928F28 /* Assets.xcassets */ = {isa = PBXFileReference; lastKnownFileType = folder.assetcatalog; path = Assets.xcassets; sourceTree = "<group>"; };
		4DB8FDCB29846A0400928F28 /* Preview Assets.xcassets */ = {isa = PBXFileReference; lastKnownFileType = folder.assetcatalog; path = "Preview Assets.xcassets"; sourceTree = "<group>"; };
		4DB8FDD22984734400928F28 /* Sound */ = {isa = PBXFileReference; lastKnownFileType = folder; path = Sound; sourceTree = "<group>"; };
		4DCA9E922985A30200B5AE13 /* HoneymoonModel.swift */ = {isa = PBXFileReference; lastKnownFileType = sourcecode.swift; path = HoneymoonModel.swift; sourceTree = "<group>"; };
		4DCA9E952985A3AC00B5AE13 /* HoneymoonData.swift */ = {isa = PBXFileReference; lastKnownFileType = sourcecode.swift; path = HoneymoonData.swift; sourceTree = "<group>"; };
/* End PBXFileReference section */

/* Begin PBXFrameworksBuildPhase section */
		4DB8FDBE29846A0000928F28 /* Frameworks */ = {
			isa = PBXFrameworksBuildPhase;
			buildActionMask = 2147483647;
			files = (
			);
			runOnlyForDeploymentPostprocessing = 0;
		};
/* End PBXFrameworksBuildPhase section */

/* Begin PBXGroup section */
		4DB8AE042988444C0096B4ED /* Component */ = {
			isa = PBXGroup;
			children = (
				4DB8AE052988446B0096B4ED /* HeaderComponent.swift */,
			);
			path = Component;
			sourceTree = "<group>";
		};
		4DB8FDB829846A0000928F28 = {
			isa = PBXGroup;
			children = (
				4DB8FDC329846A0000928F28 /* Honeymoon */,
				4DB8FDC229846A0000928F28 /* Products */,
			);
			sourceTree = "<group>";
		};
		4DB8FDC229846A0000928F28 /* Products */ = {
			isa = PBXGroup;
			children = (
				4DB8FDC129846A0000928F28 /* Honeymoon.app */,
			);
			name = Products;
			sourceTree = "<group>";
		};
		4DB8FDC329846A0000928F28 /* Honeymoon */ = {
			isa = PBXGroup;
			children = (
				4DB8AE042988444C0096B4ED /* Component */,
				4DCA9E982985A47000B5AE13 /* View */,
				4DCA9E972985A3AF00B5AE13 /* Data */,
				4DCA9E942985A30A00B5AE13 /* Model */,
				4DB8FDC429846A0100928F28 /* HoneymoonApp.swift */,
				4D2B56DE2984761800703D9B /* LaunchScreen.storyboard */,
				4DB8FDD22984734400928F28 /* Sound */,
				4DB8FDC829846A0400928F28 /* Assets.xcassets */,
				4DB8FDCA29846A0400928F28 /* Preview Content */,
			);
			path = Honeymoon;
			sourceTree = "<group>";
		};
		4DB8FDCA29846A0400928F28 /* Preview Content */ = {
			isa = PBXGroup;
			children = (
				4DB8FDCB29846A0400928F28 /* Preview Assets.xcassets */,
			);
			path = "Preview Content";
			sourceTree = "<group>";
		};
		4DCA9E942985A30A00B5AE13 /* Model */ = {
			isa = PBXGroup;
			children = (
				4DCA9E922985A30200B5AE13 /* HoneymoonModel.swift */,
			);
			path = Model;
			sourceTree = "<group>";
		};
		4DCA9E972985A3AF00B5AE13 /* Data */ = {
			isa = PBXGroup;
			children = (
				4DCA9E952985A3AC00B5AE13 /* HoneymoonData.swift */,
			);
			path = Data;
			sourceTree = "<group>";
		};
		4DCA9E982985A47000B5AE13 /* View */ = {
			isa = PBXGroup;
			children = (
				4D96B9822985A5B600622DCB /* ContentView.swift */,
				4D96B9842985A5F700622DCB /* CardView.swift */,
				4D96B9862985AA9A00622DCB /* HeaderView.swift */,
				4D96B9882985ACCB00622DCB /* FooterView.swift */,
			);
			path = View;
			sourceTree = "<group>";
		};
/* End PBXGroup section */

/* Begin PBXNativeTarget section */
		4DB8FDC029846A0000928F28 /* Honeymoon */ = {
			isa = PBXNativeTarget;
			buildConfigurationList = 4DB8FDCF29846A0400928F28 /* Build configuration list for PBXNativeTarget "Honeymoon" */;
			buildPhases = (
				4DB8FDBD29846A0000928F28 /* Sources */,
				4DB8FDBE29846A0000928F28 /* Frameworks */,
				4DB8FDBF29846A0000928F28 /* Resources */,
			);
			buildRules = (
			);
			dependencies = (
			);
			name = Honeymoon;
			productName = Honeymoon;
			productReference = 4DB8FDC129846A0000928F28 /* Honeymoon.app */;
			productType = "com.apple.product-type.application";
		};
/* End PBXNativeTarget section */

/* Begin PBXProject section */
		4DB8FDB929846A0000928F28 /* Project object */ = {
			isa = PBXProject;
			attributes = {
				BuildIndependentTargetsInParallel = 1;
				LastSwiftUpdateCheck = 1420;
				LastUpgradeCheck = 1420;
				TargetAttributes = {
					4DB8FDC029846A0000928F28 = {
						CreatedOnToolsVersion = 14.2;
					};
				};
			};
			buildConfigurationList = 4DB8FDBC29846A0000928F28 /* Build configuration list for PBXProject "Honeymoon" */;
			compatibilityVersion = "Xcode 14.0";
			developmentRegion = en;
			hasScannedForEncodings = 0;
			knownRegions = (
				en,
				Base,
			);
			mainGroup = 4DB8FDB829846A0000928F28;
			productRefGroup = 4DB8FDC229846A0000928F28 /* Products */;
			projectDirPath = "";
			projectRoot = "";
			targets = (
				4DB8FDC029846A0000928F28 /* Honeymoon */,
			);
		};
/* End PBXProject section */

/* Begin PBXResourcesBuildPhase section */
		4DB8FDBF29846A0000928F28 /* Resources */ = {
			isa = PBXResourcesBuildPhase;
			buildActionMask = 2147483647;
			files = (
				4DB8FDD32984734400928F28 /* Sound in Resources */,
				4D2B56DF2984761800703D9B /* LaunchScreen.storyboard in Resources */,
				4DB8FDCC29846A0400928F28 /* Preview Assets.xcassets in Resources */,
				4DB8FDC929846A0400928F28 /* Assets.xcassets in Resources */,
			);
			runOnlyForDeploymentPostprocessing = 0;
		};
/* End PBXResourcesBuildPhase section */

/* Begin PBXSourcesBuildPhase section */
		4DB8FDBD29846A0000928F28 /* Sources */ = {
			isa = PBXSourcesBuildPhase;
			buildActionMask = 2147483647;
			files = (
				4DCA9E962985A3AC00B5AE13 /* HoneymoonData.swift in Sources */,
				4D96B9892985ACCB00622DCB /* FooterView.swift in Sources */,
				4D96B9872985AA9A00622DCB /* HeaderView.swift in Sources */,
				4DCA9E932985A30200B5AE13 /* HoneymoonModel.swift in Sources */,
				4DB8AE062988446B0096B4ED /* HeaderComponent.swift in Sources */,
				4D96B9832985A5B600622DCB /* ContentView.swift in Sources */,
				4DB8FDC529846A0100928F28 /* HoneymoonApp.swift in Sources */,
				4D96B9852985A5F700622DCB /* CardView.swift in Sources */,
			);
			runOnlyForDeploymentPostprocessing = 0;
		};
/* End PBXSourcesBuildPhase section */

/* Begin XCBuildConfiguration section */
		4DB8FDCD29846A0400928F28 /* Debug */ = {
			isa = XCBuildConfiguration;
			buildSettings = {
				ALWAYS_SEARCH_USER_PATHS = NO;
				CLANG_ANALYZER_NONNULL = YES;
				CLANG_ANALYZER_NUMBER_OBJECT_CONVERSION = YES_AGGRESSIVE;
				CLANG_CXX_LANGUAGE_STANDARD = "gnu++20";
				CLANG_ENABLE_MODULES = YES;
				CLANG_ENABLE_OBJC_ARC = YES;
				CLANG_ENABLE_OBJC_WEAK = YES;
				CLANG_WARN_BLOCK_CAPTURE_AUTORELEASING = YES;
				CLANG_WARN_BOOL_CONVERSION = YES;
				CLANG_WARN_COMMA = YES;
				CLANG_WARN_CONSTANT_CONVERSION = YES;
				CLANG_WARN_DEPRECATED_OBJC_IMPLEMENTATIONS = YES;
				CLANG_WARN_DIRECT_OBJC_ISA_USAGE = YES_ERROR;
				CLANG_WARN_DOCUMENTATION_COMMENTS = YES;
				CLANG_WARN_EMPTY_BODY = YES;
				CLANG_WARN_ENUM_CONVERSION = YES;
				CLANG_WARN_INFINITE_RECURSION = YES;
				CLANG_WARN_INT_CONVERSION = YES;
				CLANG_WARN_NON_LITERAL_NULL_CONVERSION = YES;
				CLANG_WARN_OBJC_IMPLICIT_RETAIN_SELF = YES;
				CLANG_WARN_OBJC_LITERAL_CONVERSION = YES;
				CLANG_WARN_OBJC_ROOT_CLASS = YES_ERROR;
				CLANG_WARN_QUOTED_INCLUDE_IN_FRAMEWORK_HEADER = YES;
				CLANG_WARN_RANGE_LOOP_ANALYSIS = YES;
				CLANG_WARN_STRICT_PROTOTYPES = YES;
				CLANG_WARN_SUSPICIOUS_MOVE = YES;
				CLANG_WARN_UNGUARDED_AVAILABILITY = YES_AGGRESSIVE;
				CLANG_WARN_UNREACHABLE_CODE = YES;
				CLANG_WARN__DUPLICATE_METHOD_MATCH = YES;
				COPY_PHASE_STRIP = NO;
				DEBUG_INFORMATION_FORMAT = dwarf;
				ENABLE_STRICT_OBJC_MSGSEND = YES;
				ENABLE_TESTABILITY = YES;
				GCC_C_LANGUAGE_STANDARD = gnu11;
				GCC_DYNAMIC_NO_PIC = NO;
				GCC_NO_COMMON_BLOCKS = YES;
				GCC_OPTIMIZATION_LEVEL = 0;
				GCC_PREPROCESSOR_DEFINITIONS = (
					"DEBUG=1",
					"$(inherited)",
				);
				GCC_WARN_64_TO_32_BIT_CONVERSION = YES;
				GCC_WARN_ABOUT_RETURN_TYPE = YES_ERROR;
				GCC_WARN_UNDECLARED_SELECTOR = YES;
				GCC_WARN_UNINITIALIZED_AUTOS = YES_AGGRESSIVE;
				GCC_WARN_UNUSED_FUNCTION = YES;
				GCC_WARN_UNUSED_VARIABLE = YES;
				IPHONEOS_DEPLOYMENT_TARGET = 16.2;
				MTL_ENABLE_DEBUG_INFO = INCLUDE_SOURCE;
				MTL_FAST_MATH = YES;
				ONLY_ACTIVE_ARCH = YES;
				SDKROOT = iphoneos;
				SWIFT_ACTIVE_COMPILATION_CONDITIONS = DEBUG;
				SWIFT_OPTIMIZATION_LEVEL = "-Onone";
			};
			name = Debug;
		};
		4DB8FDCE29846A0400928F28 /* Release */ = {
			isa = XCBuildConfiguration;
			buildSettings = {
				ALWAYS_SEARCH_USER_PATHS = NO;
				CLANG_ANALYZER_NONNULL = YES;
				CLANG_ANALYZER_NUMBER_OBJECT_CONVERSION = YES_AGGRESSIVE;
				CLANG_CXX_LANGUAGE_STANDARD = "gnu++20";
				CLANG_ENABLE_MODULES = YES;
				CLANG_ENABLE_OBJC_ARC = YES;
				CLANG_ENABLE_OBJC_WEAK = YES;
				CLANG_WARN_BLOCK_CAPTURE_AUTORELEASING = YES;
				CLANG_WARN_BOOL_CONVERSION = YES;
				CLANG_WARN_COMMA = YES;
				CLANG_WARN_CONSTANT_CONVERSION = YES;
				CLANG_WARN_DEPRECATED_OBJC_IMPLEMENTATIONS = YES;
				CLANG_WARN_DIRECT_OBJC_ISA_USAGE = YES_ERROR;
				CLANG_WARN_DOCUMENTATION_COMMENTS = YES;
				CLANG_WARN_EMPTY_BODY = YES;
				CLANG_WARN_ENUM_CONVERSION = YES;
				CLANG_WARN_INFINITE_RECURSION = YES;
				CLANG_WARN_INT_CONVERSION = YES;
				CLANG_WARN_NON_LITERAL_NULL_CONVERSION = YES;
				CLANG_WARN_OBJC_IMPLICIT_RETAIN_SELF = YES;
				CLANG_WARN_OBJC_LITERAL_CONVERSION = YES;
				CLANG_WARN_OBJC_ROOT_CLASS = YES_ERROR;
				CLANG_WARN_QUOTED_INCLUDE_IN_FRAMEWORK_HEADER = YES;
				CLANG_WARN_RANGE_LOOP_ANALYSIS = YES;
				CLANG_WARN_STRICT_PROTOTYPES = YES;
				CLANG_WARN_SUSPICIOUS_MOVE = YES;
				CLANG_WARN_UNGUARDED_AVAILABILITY = YES_AGGRESSIVE;
				CLANG_WARN_UNREACHABLE_CODE = YES;
				CLANG_WARN__DUPLICATE_METHOD_MATCH = YES;
				COPY_PHASE_STRIP = NO;
				DEBUG_INFORMATION_FORMAT = "dwarf-with-dsym";
				ENABLE_NS_ASSERTIONS = NO;
				ENABLE_STRICT_OBJC_MSGSEND = YES;
				GCC_C_LANGUAGE_STANDARD = gnu11;
				GCC_NO_COMMON_BLOCKS = YES;
				GCC_WARN_64_TO_32_BIT_CONVERSION = YES;
				GCC_WARN_ABOUT_RETURN_TYPE = YES_ERROR;
				GCC_WARN_UNDECLARED_SELECTOR = YES;
				GCC_WARN_UNINITIALIZED_AUTOS = YES_AGGRESSIVE;
				GCC_WARN_UNUSED_FUNCTION = YES;
				GCC_WARN_UNUSED_VARIABLE = YES;
				IPHONEOS_DEPLOYMENT_TARGET = 16.2;
				MTL_ENABLE_DEBUG_INFO = NO;
				MTL_FAST_MATH = YES;
				SDKROOT = iphoneos;
				SWIFT_COMPILATION_MODE = wholemodule;
				SWIFT_OPTIMIZATION_LEVEL = "-O";
				VALIDATE_PRODUCT = YES;
			};
			name = Release;
		};
		4DB8FDD029846A0400928F28 /* Debug */ = {
			isa = XCBuildConfiguration;
			buildSettings = {
				ASSETCATALOG_COMPILER_APPICON_NAME = AppIcon;
				ASSETCATALOG_COMPILER_GLOBAL_ACCENT_COLOR_NAME = AccentColor;
				CODE_SIGN_STYLE = Automatic;
				CURRENT_PROJECT_VERSION = 1;
				DEVELOPMENT_ASSET_PATHS = "\"Honeymoon/Preview Content\"";
				DEVELOPMENT_TEAM = 56F54J4H3N;
				ENABLE_PREVIEWS = YES;
				GENERATE_INFOPLIST_FILE = YES;
				INFOPLIST_KEY_UIApplicationSceneManifest_Generation = YES;
				INFOPLIST_KEY_UIApplicationSupportsIndirectInputEvents = YES;
				INFOPLIST_KEY_UILaunchScreen_Generation = YES;
				INFOPLIST_KEY_UILaunchStoryboardName = LaunchScreen.storyboard;
				INFOPLIST_KEY_UISupportedInterfaceOrientations = UIInterfaceOrientationPortrait;
				LD_RUNPATH_SEARCH_PATHS = (
					"$(inherited)",
					"@executable_path/Frameworks",
				);
				MARKETING_VERSION = 1.0;
				PRODUCT_BUNDLE_IDENTIFIER = mobilesoftwareservices.Honeymoon;
				PRODUCT_NAME = "$(TARGET_NAME)";
				SWIFT_EMIT_LOC_STRINGS = YES;
				SWIFT_VERSION = 5.0;
				TARGETED_DEVICE_FAMILY = "1,2";
			};
			name = Debug;
		};
		4DB8FDD129846A0400928F28 /* Release */ = {
			isa = XCBuildConfiguration;
			buildSettings = {
				ASSETCATALOG_COMPILER_APPICON_NAME = AppIcon;
				ASSETCATALOG_COMPILER_GLOBAL_ACCENT_COLOR_NAME = AccentColor;
				CODE_SIGN_STYLE = Automatic;
				CURRENT_PROJECT_VERSION = 1;
				DEVELOPMENT_ASSET_PATHS = "\"Honeymoon/Preview Content\"";
				DEVELOPMENT_TEAM = 56F54J4H3N;
				ENABLE_PREVIEWS = YES;
				GENERATE_INFOPLIST_FILE = YES;
				INFOPLIST_KEY_UIApplicationSceneManifest_Generation = YES;
				INFOPLIST_KEY_UIApplicationSupportsIndirectInputEvents = YES;
				INFOPLIST_KEY_UILaunchScreen_Generation = YES;
				INFOPLIST_KEY_UILaunchStoryboardName = LaunchScreen.storyboard;
				INFOPLIST_KEY_UISupportedInterfaceOrientations = UIInterfaceOrientationPortrait;
				LD_RUNPATH_SEARCH_PATHS = (
					"$(inherited)",
					"@executable_path/Frameworks",
				);
				MARKETING_VERSION = 1.0;
				PRODUCT_BUNDLE_IDENTIFIER = mobilesoftwareservices.Honeymoon;
				PRODUCT_NAME = "$(TARGET_NAME)";
				SWIFT_EMIT_LOC_STRINGS = YES;
				SWIFT_VERSION = 5.0;
				TARGETED_DEVICE_FAMILY = "1,2";
			};
			name = Release;
		};
/* End XCBuildConfiguration section */

/* Begin XCConfigurationList section */
		4DB8FDBC29846A0000928F28 /* Build configuration list for PBXProject "Honeymoon" */ = {
			isa = XCConfigurationList;
			buildConfigurations = (
				4DB8FDCD29846A0400928F28 /* Debug */,
				4DB8FDCE29846A0400928F28 /* Release */,
			);
			defaultConfigurationIsVisible = 0;
			defaultConfigurationName = Release;
		};
		4DB8FDCF29846A0400928F28 /* Build configuration list for PBXNativeTarget "Honeymoon" */ = {
			isa = XCConfigurationList;
			buildConfigurations = (
				4DB8FDD029846A0400928F28 /* Debug */,
				4DB8FDD129846A0400928F28 /* Release */,
			);
			defaultConfigurationIsVisible = 0;
			defaultConfigurationName = Release;
		};
/* End XCConfigurationList section */
	};
	rootObject = 4DB8FDB929846A0000928F28 /* Project object */;
}
